# THIS IS AN AUTOGENERATED FILE. DO NOT EDIT THIS FILE DIRECTLY.
# yarn lockfile v1


path-path@^0.1.0:
  version "0.1.0"
  resolved "https://registry.yarnpkg.com/path-path/-/path-path-0.1.0.tgz#dcb98fac7b37f9b1f32ec663caf8f662cdba1700"

preact-path@^0.0.1:
  version "0.0.1"
  resolved "https://registry.yarnpkg.com/preact-path/-/preact-path-0.0.1.tgz#5cb7f9bbb00e1295992f720d5947d0483daeaa7f"
  dependencies:
    path-path "^0.1.0"
    preact "^8.3.1"

preact@^8.3.1:
  version "8.3.1"
  resolved "https://registry.yarnpkg.com/preact/-/preact-8.3.1.tgz#ed34f79d09edc5efd32a378a3416ef5dc531e3ac"
